
Microsoft Visual Studio Solution File, Format Version 12.00
# Visual Studio Express 2012 for Web
Project("{FAE04EC0-301F-11D3-BF4B-00C04F79EFBC}") = "CheckoutLayout", "CheckoutLayout.csproj", "{AE248B8A-858A-4146-A41C-7B180B26AC93}"
EndProject
Global
	GlobalSection(SolutionConfigurationPlatforms) = preSolution
		Debug|Any CPU = Debug|Any CPU
		Release|Any CPU = Release|Any CPU
	EndGlobalSection
	GlobalSection(ProjectConfigurationPlatforms) = postSolution
		{AE248B8A-858A-4146-A41C-7B180B26AC93}.Debug|Any CPU.ActiveCfg = Debug|Any CPU
		{AE248B8A-858A-4146-A41C-7B180B26AC93}.Debug|Any CPU.Build.0 = Debug|Any CPU
		{AE248B8A-858A-4146-A41C-7B180B26AC93}.Release|Any CPU.ActiveCfg = Release|Any CPU
		{AE248B8A-858A-4146-A41C-7B180B26AC93}.Release|Any CPU.Build.0 = Release|Any CPU
	EndGlobalSection
	GlobalSection(SolutionProperties) = preSolution
		HideSolutionNode = FALSE
	EndGlobalSection
EndGlobal
